Microsoft Visual Studio Solution File, Format Version 11.00
# Visual Studio 2008

Project("{395F1B16-4EF4-2D45-0CB3-1AFAF8156CB8}") = "RoboRunner", "Assembly-CSharp.csproj", "{F2000FD7-7E20-8FE8-7C72-BFFF4C3B4519}"
EndProject
Global
	GlobalSection(SolutionConfigurationPlatforms) = preSolution
		Debug|Any CPU = Debug|Any CPU
		Release|Any CPU = Release|Any CPU
	EndGlobalSection
	GlobalSection(ProjectConfigurationPlatforms) = postSolution
		{F2000FD7-7E20-8FE8-7C72-BFFF4C3B4519}.Debug|Any CPU.ActiveCfg = Debug|Any CPU
		{F2000FD7-7E20-8FE8-7C72-BFFF4C3B4519}.Debug|Any CPU.Build.0 = Debug|Any CPU
		{F2000FD7-7E20-8FE8-7C72-BFFF4C3B4519}.Release|Any CPU.ActiveCfg = Release|Any CPU
		{F2000FD7-7E20-8FE8-7C72-BFFF4C3B4519}.Release|Any CPU.Build.0 = Release|Any CPU
	EndGlobalSection
	GlobalSection(SolutionProperties) = preSolution
		HideSolutionNode = FALSE
	EndGlobalSection
	GlobalSection(MonoDevelopProperties) = preSolution
		StartupItem = Assembly-CSharp.csproj
	EndGlobalSection
EndGlobal
